
Microsoft Visual Studio Solution File, Format Version 12.00
# Visual Studio Version 16
VisualStudioVersion = 16.0.30804.86
MinimumVisualStudioVersion = 10.0.40219.1
Project("{FAE04EC0-301F-11D3-BF4B-00C04F79EFBC}") = "Driver.Client", "Driver.Client\Driver.Client.csproj", "{A34B96BF-E954-4B65-AC94-0F70A91C9319}"
EndProject
Project("{FAE04EC0-301F-11D3-BF4B-00C04F79EFBC}") = "Driver.Updater", "Driver.Updater\Driver.Updater.csproj", "{0C364BA9-7C1F-496E-A2A1-D576C8E580C3}"
EndProject
Project("{FAE04EC0-301F-11D3-BF4B-00C04F79EFBC}") = "Driver.Nuget", "Driver.Nuget\Driver.Nuget.csproj", "{4BF7D73D-ADBA-4AB2-B99C-58186689EF76}"
EndProject
Global
	GlobalSection(SolutionConfigurationPlatforms) = preSolution
		Debug|Any CPU = Debug|Any CPU
		Release|Any CPU = Release|Any CPU
	EndGlobalSection
	GlobalSection(ProjectConfigurationPlatforms) = postSolution
		{A34B96BF-E954-4B65-AC94-0F70A91C9319}.Debug|Any CPU.ActiveCfg = Debug|Any CPU
		{A34B96BF-E954-4B65-AC94-0F70A91C9319}.Debug|Any CPU.Build.0 = Debug|Any CPU
		{A34B96BF-E954-4B65-AC94-0F70A91C9319}.Release|Any CPU.ActiveCfg = Release|Any CPU
		{A34B96BF-E954-4B65-AC94-0F70A91C9319}.Release|Any CPU.Build.0 = Release|Any CPU
		{0C364BA9-7C1F-496E-A2A1-D576C8E580C3}.Debug|Any CPU.ActiveCfg = Debug|Any CPU
		{0C364BA9-7C1F-496E-A2A1-D576C8E580C3}.Debug|Any CPU.Build.0 = Debug|Any CPU
		{0C364BA9-7C1F-496E-A2A1-D576C8E580C3}.Release|Any CPU.ActiveCfg = Release|Any CPU
		{0C364BA9-7C1F-496E-A2A1-D576C8E580C3}.Release|Any CPU.Build.0 = Release|Any CPU
		{4BF7D73D-ADBA-4AB2-B99C-58186689EF76}.Debug|Any CPU.ActiveCfg = Debug|Any CPU
		{4BF7D73D-ADBA-4AB2-B99C-58186689EF76}.Debug|Any CPU.Build.0 = Debug|Any CPU
		{4BF7D73D-ADBA-4AB2-B99C-58186689EF76}.Release|Any CPU.ActiveCfg = Release|Any CPU
		{4BF7D73D-ADBA-4AB2-B99C-58186689EF76}.Release|Any CPU.Build.0 = Release|Any CPU
	EndGlobalSection
	GlobalSection(SolutionProperties) = preSolution
		HideSolutionNode = FALSE
	EndGlobalSection
	GlobalSection(ExtensibilityGlobals) = postSolution
		SolutionGuid = {6B79D7AE-B223-4AFE-85B4-8DD588DBF646}
	EndGlobalSection
EndGlobal
